
Microsoft Visual Studio Solution File, Format Version 12.00
# Visual Studio Version 17
VisualStudioVersion = 17.0.31903.59
MinimumVisualStudioVersion = 10.0.40219.1
Project("{FAE04EC0-301F-11D3-BF4B-00C04F79EFBC}") = "Wincy", "src\Wincy\Wincy.csproj", "{7B3E1A21-6C4E-4A5F-9E10-1D2C3B4A5F60}"
EndProject
Project("{FAE04EC0-301F-11D3-BF4B-00C04F79EFBC}") = "Wincy.Tests", "tests\Wincy.Tests\Wincy.Tests.csproj", "{2C9D4E88-51B7-4A0E-9F33-6B8E7A1D2C44}"
EndProject
Project("{2150E333-8FDC-42A3-9474-1A3956D46DE8}") = "Solution Items", "Solution Items", "{9F1B7C55-3D24-4E88-A6F1-0C5E2B9A7D31}"
	ProjectSection(SolutionItems) = preProject
		.editorconfig = .editorconfig
		.gitattributes = .gitattributes
		LICENSE = LICENSE
		README.md = README.md
	EndProjectSection
EndProject
Global
	GlobalSection(SolutionConfigurationPlatforms) = preSolution
		Debug|Any CPU = Debug|Any CPU
		Release|Any CPU = Release|Any CPU
	EndGlobalSection
	GlobalSection(ProjectConfigurationPlatforms) = postSolution
		{7B3E1A21-6C4E-4A5F-9E10-1D2C3B4A5F60}.Debug|Any CPU.ActiveCfg = Debug|Any CPU
		{7B3E1A21-6C4E-4A5F-9E10-1D2C3B4A5F60}.Debug|Any CPU.Build.0 = Debug|Any CPU
		{7B3E1A21-6C4E-4A5F-9E10-1D2C3B4A5F60}.Release|Any CPU.ActiveCfg = Release|Any CPU
		{7B3E1A21-6C4E-4A5F-9E10-1D2C3B4A5F60}.Release|Any CPU.Build.0 = Release|Any CPU
		{2C9D4E88-51B7-4A0E-9F33-6B8E7A1D2C44}.Debug|Any CPU.ActiveCfg = Debug|Any CPU
		{2C9D4E88-51B7-4A0E-9F33-6B8E7A1D2C44}.Debug|Any CPU.Build.0 = Debug|Any CPU
		{2C9D4E88-51B7-4A0E-9F33-6B8E7A1D2C44}.Release|Any CPU.ActiveCfg = Release|Any CPU
		{2C9D4E88-51B7-4A0E-9F33-6B8E7A1D2C44}.Release|Any CPU.Build.0 = Release|Any CPU
	EndGlobalSection
	GlobalSection(SolutionProperties) = preSolution
		HideSolutionNode = FALSE
	EndGlobalSection
EndGlobal
